
Microsoft Visual Studio Solution File, Format Version 12.00
# Visual Studio 15
VisualStudioVersion = 15.0.28307.271
MinimumVisualStudioVersion = 10.0.40219.1
Project("{FAE04EC0-301F-11D3-BF4B-00C04F79EFBC}") = "BasicPlugin", "Plugins\BasicPlugin\BasicPlugin.csproj", "{68511192-98D7-474A-BC53-BCF986B0F635}"
EndProject
Global
	GlobalSection(SolutionConfigurationPlatforms) = preSolution
		Debug|Any CPU = Debug|Any CPU
		Debug|x86 = Debug|x86
		Release|Any CPU = Release|Any CPU
		Release|x86 = Release|x86
	EndGlobalSection
	GlobalSection(ProjectConfigurationPlatforms) = postSolution
		{68511192-98D7-474A-BC53-BCF986B0F635}.Debug|Any CPU.ActiveCfg = Debug|Any CPU
		{68511192-98D7-474A-BC53-BCF986B0F635}.Debug|Any CPU.Build.0 = Debug|Any CPU
		{68511192-98D7-474A-BC53-BCF986B0F635}.Debug|x86.ActiveCfg = Debug|x86
		{68511192-98D7-474A-BC53-BCF986B0F635}.Debug|x86.Build.0 = Debug|x86
		{68511192-98D7-474A-BC53-BCF986B0F635}.Release|Any CPU.ActiveCfg = Release|Any CPU
		{68511192-98D7-474A-BC53-BCF986B0F635}.Release|Any CPU.Build.0 = Release|Any CPU
		{68511192-98D7-474A-BC53-BCF986B0F635}.Release|x86.ActiveCfg = Release|x86
		{68511192-98D7-474A-BC53-BCF986B0F635}.Release|x86.Build.0 = Release|x86
	EndGlobalSection
	GlobalSection(SolutionProperties) = preSolution
		HideSolutionNode = FALSE
	EndGlobalSection
	GlobalSection(ExtensibilityGlobals) = postSolution
		SolutionGuid = {91827028-BFF1-4315-A4E4-1CE97500BE8F}
	EndGlobalSection
EndGlobal
